
Microsoft Visual Studio Solution File, Format Version 9.00
# Visual Studio 2005
Project("{8BC9CEB8-8B4A-11D0-8D11-00A0C91BC942}") = "Auto Functions", "Auto Functions\Auto Functions.vcproj", "{A26FD45C-99CF-4C9D-995B-1E7EA53BBFED}"
EndProject
Global
	GlobalSection(SolutionConfigurationPlatforms) = preSolution
		Debug|Win32 = Debug|Win32
		Release|Win32 = Release|Win32
	EndGlobalSection
	GlobalSection(ProjectConfigurationPlatforms) = postSolution
		{A26FD45C-99CF-4C9D-995B-1E7EA53BBFED}.Debug|Win32.ActiveCfg = Debug|Win32
		{A26FD45C-99CF-4C9D-995B-1E7EA53BBFED}.Debug|Win32.Build.0 = Debug|Win32
		{A26FD45C-99CF-4C9D-995B-1E7EA53BBFED}.Release|Win32.ActiveCfg = Release|Win32
		{A26FD45C-99CF-4C9D-995B-1E7EA53BBFED}.Release|Win32.Build.0 = Release|Win32
	EndGlobalSection
	GlobalSection(SolutionProperties) = preSolution
		HideSolutionNode = FALSE
	EndGlobalSection
EndGlobal
