
Microsoft Visual Studio Solution File, Format Version 9.00
# Visual Studio 2005
Project("{8BC9CEB8-8B4A-11D0-8D11-00A0C91BC942}") = "ReflectionTest", "ReflectionTest.vcproj", "{0230BA5E-CD53-45E2-9804-488DA9B28B71}"
EndProject
Global
	GlobalSection(SolutionConfigurationPlatforms) = preSolution
		Debug|Win32 = Debug|Win32
		Release|Win32 = Release|Win32
	EndGlobalSection
	GlobalSection(ProjectConfigurationPlatforms) = postSolution
		{0230BA5E-CD53-45E2-9804-488DA9B28B71}.Debug|Win32.ActiveCfg = Debug|Win32
		{0230BA5E-CD53-45E2-9804-488DA9B28B71}.Debug|Win32.Build.0 = Debug|Win32
		{0230BA5E-CD53-45E2-9804-488DA9B28B71}.Release|Win32.ActiveCfg = Release|Win32
		{0230BA5E-CD53-45E2-9804-488DA9B28B71}.Release|Win32.Build.0 = Release|Win32
	EndGlobalSection
	GlobalSection(SolutionProperties) = preSolution
		HideSolutionNode = FALSE
	EndGlobalSection
EndGlobal
