
Microsoft Visual Studio Solution File, Format Version 9.00
# Visual Studio 2005
Project("{8BC9CEB8-8B4A-11D0-8D11-00A0C91BC942}") = "opCPP", "opCPP.vcproj", "{3C7EADEC-DC02-4F50-B142-4A95AFDFEBFE}"
EndProject
Global
	GlobalSection(SolutionConfigurationPlatforms) = preSolution
		Debug|Win32 = Debug|Win32
		Release|Win32 = Release|Win32
	EndGlobalSection
	GlobalSection(ProjectConfigurationPlatforms) = postSolution
		{3C7EADEC-DC02-4F50-B142-4A95AFDFEBFE}.Debug|Win32.ActiveCfg = Debug|Win32
		{3C7EADEC-DC02-4F50-B142-4A95AFDFEBFE}.Debug|Win32.Build.0 = Debug|Win32
		{3C7EADEC-DC02-4F50-B142-4A95AFDFEBFE}.Release|Win32.ActiveCfg = Release|Win32
		{3C7EADEC-DC02-4F50-B142-4A95AFDFEBFE}.Release|Win32.Build.0 = Release|Win32
	EndGlobalSection
	GlobalSection(SolutionProperties) = preSolution
		HideSolutionNode = FALSE
	EndGlobalSection
	GlobalSection(ExtensibilityGlobals) = postSolution
		AMDCaProjectFile = C:\Spheroid\opCPP\CodeAnalyst\opCPP.caw
	EndGlobalSection
EndGlobal
